<?xml version="1.0" encoding="utf-8"?>
<Project ToolsVersion="4.0" xmlns="http://schemas.microsoft.com/developer/msbuild/2003">
  <ItemGroup>
    <Filter Include="Source Files">
      <UniqueIdentifier>{4FC737F1-C7A5-4376-A066-2A32D752A2FF}</UniqueIdentifier>
      <Extensions>cpp;c;cc;cxx;def;odl;idl;hpj;bat;asm;asmx</Extensions>
    </Filter>
    <Filter Include="Header Files">
      <UniqueIdentifier>{93995380-89BD-4b04-88EB-625FBE52EBFB}</UniqueIdentifier>
      <Extensions>h;hh;hpp;hxx;hm;inl;inc;xsd</Extensions>
    </Filter>
    <Filter Include="Resource Files">
      <UniqueIdentifier>{67DA6AB6-F800-4c08-8B7A-83BB121AAD01}</UniqueIdentifier>
      <Extensions>rc;ico;cur;bmp;dlg;rc2;rct;bin;rgs;gif;jpg;jpeg;jpe;resx;tiff;tif;png;wav;mfcribbon-ms</Extensions>
    </Filter>
  </ItemGroup>
  <ItemGroup>
    <ClCompile Include="Camera.cpp">
      <Filter>Source Files</Filter>
    </ClCompile>
    <ClCompile Include="Computer.cpp">
      <Filter>Source Files</Filter>
    </ClCompile>
    <ClCompile Include="DesktopIcon.cpp">
      <Filter>Source Files</Filter>
    </ClCompile>
    <ClCompile Include="fonts.cpp">
      <Filter>Source Files</Filter>
    </ClCompile>
    <ClCompile Include="main.cpp">
      <Filter>Source Files</Filter>
    </ClCompile>
    <ClCompile Include="ObjModel.cpp">
      <Filter>Source Files</Filter>
    </ClCompile>
    <ClCompile Include="PowerSymbol.cpp">
      <Filter>Source Files</Filter>
    </ClCompile>
    <ClCompile Include="ScrollBar.cpp">
      <Filter>Source Files</Filter>
    </ClCompile>
    <ClCompile Include="ScrollPanel.cpp">
      <Filter>Source Files</Filter>
    </ClCompile>
    <ClCompile Include="TextField.cpp">
      <Filter>Source Files</Filter>
    </ClCompile>
    <ClCompile Include="TextureManager.cpp">
      <Filter>Source Files</Filter>
    </ClCompile>
    <ClCompile Include="XButton.cpp">
      <Filter>Source Files</Filter>
    </ClCompile>
    <ClCompile Include="Console.cpp">
      <Filter>Source Files</Filter>
    </ClCompile>
    <ClCompile Include="Files.cpp">
      <Filter>Source Files</Filter>
    </ClCompile>
    <ClCompile Include="InfoText.cpp">
      <Filter>Source Files</Filter>
    </ClCompile>
    <ClCompile Include="BubbleGame.cpp">
      <Filter>Source Files</Filter>
    </ClCompile>
    <ClCompile Include="Canvas.cpp">
      <Filter>Source Files</Filter>
    </ClCompile>
    <ClCompile Include="MMO.cpp">
      <Filter>Source Files</Filter>
    </ClCompile>
    <ClCompile Include="HelpCenter.cpp">
      <Filter>Source Files</Filter>
    </ClCompile>
    <ClCompile Include="Video.cpp">
      <Filter>Source Files</Filter>
    </ClCompile>
    <ClCompile Include="cMovie.cpp">
      <Filter>Source Files</Filter>
    </ClCompile>
    <ClCompile Include="RadioButton.cpp">
      <Filter>Source Files</Filter>
    </ClCompile>
    <ClCompile Include="Decryption.cpp">
      <Filter>Source Files</Filter>
    </ClCompile>
    <ClCompile Include="ScrollingMessage.cpp">
      <Filter>Source Files</Filter>
    </ClCompile>
    <ClCompile Include="LevelEditor.cpp">
      <Filter>Source Files</Filter>
    </ClCompile>
    <ClCompile Include="BrokenThing.cpp">
      <Filter>Source Files</Filter>
    </ClCompile>
    <ClCompile Include="SlidingTile.cpp">
      <Filter>Source Files</Filter>
    </ClCompile>
    <ClCompile Include="ShoppingCenter.cpp">
      <Filter>Source Files</Filter>
    </ClCompile>
    <ClCompile Include="SoundManager.cpp">
      <Filter>Source Files</Filter>
    </ClCompile>
    <ClCompile Include="Plane.cpp">
      <Filter>Source Files</Filter>
    </ClCompile>
    <ClCompile Include="DraggableWord.cpp">
      <Filter>Source Files</Filter>
    </ClCompile>
    <ClCompile Include="BlankEssay.cpp">
      <Filter>Source Files</Filter>
    </ClCompile>
    <ClCompile Include="PauseMenu.cpp">
      <Filter>Source Files</Filter>
    </ClCompile>
  </ItemGroup>
  <ItemGroup>
    <ClInclude Include="Button.h">
      <Filter>Header Files</Filter>
    </ClInclude>
    <ClInclude Include="Camera.h">
      <Filter>Header Files</Filter>
    </ClInclude>
    <ClInclude Include="Computer.h">
      <Filter>Header Files</Filter>
    </ClInclude>
    <ClInclude Include="DesktopIcon.h">
      <Filter>Header Files</Filter>
    </ClInclude>
    <ClInclude Include="fonts.h">
      <Filter>Header Files</Filter>
    </ClInclude>
    <ClInclude Include="GameParams.h">
      <Filter>Header Files</Filter>
    </ClInclude>
    <ClInclude Include="keymappings.h">
      <Filter>Header Files</Filter>
    </ClInclude>
    <ClInclude Include="ObjModel.h">
      <Filter>Header Files</Filter>
    </ClInclude>
    <ClInclude Include="PowerSymbol.h">
      <Filter>Header Files</Filter>
    </ClInclude>
    <ClInclude Include="ScrollBar.h">
      <Filter>Header Files</Filter>
    </ClInclude>
    <ClInclude Include="ScrollPanel.h">
      <Filter>Header Files</Filter>
    </ClInclude>
    <ClInclude Include="TextField.h">
      <Filter>Header Files</Filter>
    </ClInclude>
    <ClInclude Include="TextureManager.h">
      <Filter>Header Files</Filter>
    </ClInclude>
    <ClInclude Include="Files.h">
      <Filter>Header Files</Filter>
    </ClInclude>
    <ClInclude Include="Console.h">
      <Filter>Header Files</Filter>
    </ClInclude>
    <ClInclude Include="InfoText.h">
      <Filter>Header Files</Filter>
    </ClInclude>
    <ClInclude Include="BubbleGame.h">
      <Filter>Header Files</Filter>
    </ClInclude>
    <ClInclude Include="Canvas.h">
      <Filter>Header Files</Filter>
    </ClInclude>
    <ClInclude Include="MMO.h">
      <Filter>Header Files</Filter>
    </ClInclude>
    <ClInclude Include="HelpCenter.h">
      <Filter>Header Files</Filter>
    </ClInclude>
    <ClInclude Include="NumberField.h">
      <Filter>Header Files</Filter>
    </ClInclude>
    <ClInclude Include="RadioButton.h">
      <Filter>Header Files</Filter>
    </ClInclude>
    <ClInclude Include="Video.h">
      <Filter>Header Files</Filter>
    </ClInclude>
    <ClInclude Include="cMovie.h">
      <Filter>Header Files</Filter>
    </ClInclude>
    <ClInclude Include="ProgressBar.h">
      <Filter>Header Files</Filter>
    </ClInclude>
    <ClInclude Include="ColorPickerButton.h">
      <Filter>Header Files</Filter>
    </ClInclude>
    <ClInclude Include="Decryption.h">
      <Filter>Header Files</Filter>
    </ClInclude>
    <ClInclude Include="SatLumSquare.h">
      <Filter>Header Files</Filter>
    </ClInclude>
    <ClInclude Include="HueSlider.h">
      <Filter>Header Files</Filter>
    </ClInclude>
    <ClInclude Include="Resizer.h">
      <Filter>Header Files</Filter>
    </ClInclude>
    <ClInclude Include="StaticCanvas.h">
      <Filter>Header Files</Filter>
    </ClInclude>
    <ClInclude Include="ScrollingMessage.h">
      <Filter>Header Files</Filter>
    </ClInclude>
    <ClInclude Include="Slideshow.h">
      <Filter>Header Files</Filter>
    </ClInclude>
    <ClInclude Include="XButton.h">
      <Filter>Header Files</Filter>
    </ClInclude>
    <ClInclude Include="Spinner.h">
      <Filter>Header Files</Filter>
    </ClInclude>
    <ClInclude Include="Blocks.h">
      <Filter>Header Files</Filter>
    </ClInclude>
    <ClInclude Include="ExpandableImage.h">
      <Filter>Header Files</Filter>
    </ClInclude>
    <ClInclude Include="SplashScreen.h">
      <Filter>Header Files</Filter>
    </ClInclude>
    <ClInclude Include="PhysicsPiece.h">
      <Filter>Header Files</Filter>
    </ClInclude>
    <ClInclude Include="LevelEditor.h">
      <Filter>Header Files</Filter>
    </ClInclude>
    <ClInclude Include="BrokenThing.h">
      <Filter>Header Files</Filter>
    </ClInclude>
    <ClInclude Include="RotatingBox.h">
      <Filter>Header Files</Filter>
    </ClInclude>
    <ClInclude Include="FallingLetter.h">
      <Filter>Header Files</Filter>
    </ClInclude>
    <ClInclude Include="SlidingTile.h">
      <Filter>Header Files</Filter>
    </ClInclude>
    <ClInclude Include="DragElement.h">
      <Filter>Header Files</Filter>
    </ClInclude>
    <ClInclude Include="LoadingBar.h">
      <Filter>Header Files</Filter>
    </ClInclude>
    <ClInclude Include="ShimmeringText.h">
      <Filter>Header Files</Filter>
    </ClInclude>
    <ClInclude Include="ShoppingCenter.h">
      <Filter>Header Files</Filter>
    </ClInclude>
    <ClInclude Include="CircleAnimation.h">
      <Filter>Header Files</Filter>
    </ClInclude>
    <ClInclude Include="SoundManager.h">
      <Filter>Header Files</Filter>
    </ClInclude>
    <ClInclude Include="CycleNumber.h">
      <Filter>Header Files</Filter>
    </ClInclude>
    <ClInclude Include="ExpandableHeader.h">
      <Filter>Header Files</Filter>
    </ClInclude>
    <ClInclude Include="CachedText.h">
      <Filter>Header Files</Filter>
    </ClInclude>
    <ClInclude Include="Vector3.h">
      <Filter>Header Files</Filter>
    </ClInclude>
    <ClInclude Include="Plane.h">
      <Filter>Header Files</Filter>
    </ClInclude>
    <ClInclude Include="DraggableWord.h">
      <Filter>Header Files</Filter>
    </ClInclude>
    <ClInclude Include="BlankEssay.h">
      <Filter>Header Files</Filter>
    </ClInclude>
    <ClInclude Include="FadingObject.h">
      <Filter>Header Files</Filter>
    </ClInclude>
    <ClInclude Include="StaticText.h">
      <Filter>Header Files</Filter>
    </ClInclude>
    <ClInclude Include="Animation.h">
      <Filter>Header Files</Filter>
    </ClInclude>
    <ClInclude Include="CameraFileAnimation.h">
      <Filter>Header Files</Filter>
    </ClInclude>
    <ClInclude Include="BackgroundAnimation.h">
      <Filter>Header Files</Filter>
    </ClInclude>
    <ClInclude Include="binaryio.h">
      <Filter>Header Files</Filter>
    </ClInclude>
    <ClInclude Include="SizeSlider.h">
      <Filter>Header Files</Filter>
    </ClInclude>
    <ClInclude Include="ReflectedObject.h">
      <Filter>Header Files</Filter>
    </ClInclude>
    <ClInclude Include="RectUtilities.h">
      <Filter>Header Files</Filter>
    </ClInclude>
    <ClInclude Include="LoadingIndicator.h">
      <Filter>Header Files</Filter>
    </ClInclude>
    <ClInclude Include="PauseMenu.h">
      <Filter>Header Files</Filter>
    </ClInclude>
  </ItemGroup>
</Project>